
Microsoft Visual Studio Solution File, Format Version 12.00
# Visual Studio Version 17
VisualStudioVersion = 17.13.35825.156 d17.13
MinimumVisualStudioVersion = 10.0.40219.1
Project("{FAE04EC0-301F-11D3-BF4B-00C04F79EFBC}") = "TiShinShop", "TiShinShop.csproj", "{774BF5D8-5CAF-4913-A298-FD4B4CCDDE2D}"
EndProject
Global
	GlobalSection(SolutionConfigurationPlatforms) = preSolution
		Debug|Any CPU = Debug|Any CPU
		Release|Any CPU = Release|Any CPU
	EndGlobalSection
	GlobalSection(ProjectConfigurationPlatforms) = postSolution
		{774BF5D8-5CAF-4913-A298-FD4B4CCDDE2D}.Debug|Any CPU.ActiveCfg = Debug|Any CPU
		{774BF5D8-5CAF-4913-A298-FD4B4CCDDE2D}.Debug|Any CPU.Build.0 = Debug|Any CPU
		{774BF5D8-5CAF-4913-A298-FD4B4CCDDE2D}.Release|Any CPU.ActiveCfg = Release|Any CPU
		{774BF5D8-5CAF-4913-A298-FD4B4CCDDE2D}.Release|Any CPU.Build.0 = Release|Any CPU
	EndGlobalSection
	GlobalSection(SolutionProperties) = preSolution
		HideSolutionNode = FALSE
	EndGlobalSection
	GlobalSection(ExtensibilityGlobals) = postSolution
		SolutionGuid = {38358AAF-C13A-4A80-9CB8-0EC5C000272C}
	EndGlobalSection
EndGlobal
